
Microsoft Visual Studio Solution File, Format Version 12.00
# Visual Studio Version 17
VisualStudioVersion = 17.2.32630.192
MinimumVisualStudioVersion = 10.0.40219.1
Project("{8BC9CEB8-8B4A-11D0-8D11-00A0C91BC942}") = "Sandbox", "Sandbox\Sandbox.vcxproj", "{6B4B58AA-2BD5-4F5B-BD49-F5365FE0FA82}"
EndProject
Project("{8BC9CEB8-8B4A-11D0-8D11-00A0C91BC942}") = "Lighthouse", "Lighthouse\Lighthouse.vcxproj", "{F095723A-7DBA-4F7B-955D-3F8E32C22141}"
EndProject
Global
	GlobalSection(SolutionConfigurationPlatforms) = preSolution
		Debug|x64 = Debug|x64
		Release|x64 = Release|x64
	EndGlobalSection
	GlobalSection(ProjectConfigurationPlatforms) = postSolution
		{F095723A-7DBA-4F7B-955D-3F8E32C22141}.Debug|x64.ActiveCfg = Debug|x64
		{F095723A-7DBA-4F7B-955D-3F8E32C22141}.Debug|x64.Build.0 = Debug|x64
		{F095723A-7DBA-4F7B-955D-3F8E32C22141}.Release|x64.ActiveCfg = Release|x64
		{F095723A-7DBA-4F7B-955D-3F8E32C22141}.Release|x64.Build.0 = Release|x64
		{6B4B58AA-2BD5-4F5B-BD49-F5365FE0FA82}.Debug|x64.ActiveCfg = Debug|x64
		{6B4B58AA-2BD5-4F5B-BD49-F5365FE0FA82}.Debug|x64.Build.0 = Debug|x64
		{6B4B58AA-2BD5-4F5B-BD49-F5365FE0FA82}.Release|x64.ActiveCfg = Release|x64
		{6B4B58AA-2BD5-4F5B-BD49-F5365FE0FA82}.Release|x64.Build.0 = Release|x64
	EndGlobalSection
	GlobalSection(SolutionProperties) = preSolution
		HideSolutionNode = FALSE
	EndGlobalSection
	GlobalSection(ExtensibilityGlobals) = postSolution
		SolutionGuid = {860F0535-3ED1-41C9-9CAF-DBD44651CB10}
	EndGlobalSection
EndGlobal
