<?xml version="1.0" encoding="utf-8"?>
<Project ToolsVersion="4.0" xmlns="http://schemas.microsoft.com/developer/msbuild/2003">
  <ItemGroup>
    <Filter Include="Lighthouse">
      <UniqueIdentifier>{C1DF2F9A-AD97-71E7-169F-4A4302760CD8}</UniqueIdentifier>
    </Filter>
  </ItemGroup>
  <ItemGroup>
    <ClInclude Include="src\Lighthouse.h" />
    <ClInclude Include="src\Lighthouse\Application.h">
      <Filter>Lighthouse</Filter>
    </ClInclude>
    <ClInclude Include="src\Lighthouse\Core.h">
      <Filter>Lighthouse</Filter>
    </ClInclude>
    <ClInclude Include="src\Lighthouse\Entrypoint.h">
      <Filter>Lighthouse</Filter>
    </ClInclude>
    <ClInclude Include="src\Lighthouse\Log.h">
      <Filter>Lighthouse</Filter>
    </ClInclude>
    <ClInclude Include="src\lhpch.h" />
    <ClInclude Include="src\Lighthouse\Window.h" />
    <ClInclude Include="src\Lighthouse\Events\Event.h" />
    <ClInclude Include="src\Lighthouse\Events\WindowEvent.h" />
    <ClInclude Include="src\Lighthouse\Layer.h" />
    <ClInclude Include="src\Lighthouse\LayerStack.h" />
    <ClInclude Include="src\Lighthouse\Renderer\RenderCommand.h" />
  </ItemGroup>
  <ItemGroup>
    <ClCompile Include="src\Lighthouse\Application.cpp">
      <Filter>Lighthouse</Filter>
    </ClCompile>
    <ClCompile Include="src\Lighthouse\Log.cpp">
      <Filter>Lighthouse</Filter>
    </ClCompile>
    <ClCompile Include="src\lhpch.cpp" />
    <ClCompile Include="src\Lighthouse\Window.cpp" />
    <ClCompile Include="src\Lighthouse\LayerStack.cpp" />
    <ClCompile Include="src\Lighthouse\Renderer\RenderCommand.cpp" />
  </ItemGroup>
</Project>