<?xml version="1.0" encoding="utf-8"?>
<Project ToolsVersion="4.0" xmlns="http://schemas.microsoft.com/developer/msbuild/2003">
  <ItemGroup>
    <Filter Include="src">
      <UniqueIdentifier>{2DAB880B-99B4-887C-2230-9F7C8E38947C}</UniqueIdentifier>
    </Filter>
    <Filter Include="src\Lighthouse">
      <UniqueIdentifier>{787C36D1-644A-2AD7-4DDE-9AFD394B063C}</UniqueIdentifier>
    </Filter>
    <Filter Include="src\Lighthouse\Events">
      <UniqueIdentifier>{5C71E405-C8DD-9F00-91D1-375EFDFCC168}</UniqueIdentifier>
    </Filter>
    <Filter Include="src\Lighthouse\Renderer">
      <UniqueIdentifier>{1E47C107-8A7E-099F-9388-6DC2FF3E3098}</UniqueIdentifier>
    </Filter>
    <Filter Include="src\Lighthouse\Shaders">
      <UniqueIdentifier>{51992BD7-3D93-5429-2600-EB391299BA95}</UniqueIdentifier>
    </Filter>
    <Filter Include="vendor">
      <UniqueIdentifier>{B3738122-9F15-ACF8-88D0-BF4C74113349}</UniqueIdentifier>
    </Filter>
    <Filter Include="vendor\stb_image">
      <UniqueIdentifier>{0DA0BA59-F998-D9AB-22CB-BE300E23B9B7}</UniqueIdentifier>
    </Filter>
  </ItemGroup>
  <ItemGroup>
    <ClInclude Include="src\Lighthouse.h">
      <Filter>src</Filter>
    </ClInclude>
    <ClInclude Include="src\Lighthouse\Application.h">
      <Filter>src\Lighthouse</Filter>
    </ClInclude>
    <ClInclude Include="src\Lighthouse\Core.h">
      <Filter>src\Lighthouse</Filter>
    </ClInclude>
    <ClInclude Include="src\Lighthouse\Entrypoint.h">
      <Filter>src\Lighthouse</Filter>
    </ClInclude>
    <ClInclude Include="src\Lighthouse\Events\Event.h">
      <Filter>src\Lighthouse\Events</Filter>
    </ClInclude>
    <ClInclude Include="src\Lighthouse\Events\WindowEvent.h">
      <Filter>src\Lighthouse\Events</Filter>
    </ClInclude>
    <ClInclude Include="src\Lighthouse\Layer.h">
      <Filter>src\Lighthouse</Filter>
    </ClInclude>
    <ClInclude Include="src\Lighthouse\LayerStack.h">
      <Filter>src\Lighthouse</Filter>
    </ClInclude>
    <ClInclude Include="src\Lighthouse\Log.h">
      <Filter>src\Lighthouse</Filter>
    </ClInclude>
    <ClInclude Include="src\Lighthouse\Renderer\Entity.h">
      <Filter>src\Lighthouse\Renderer</Filter>
    </ClInclude>
    <ClInclude Include="src\Lighthouse\Renderer\RenderCommand.h">
      <Filter>src\Lighthouse\Renderer</Filter>
    </ClInclude>
    <ClInclude Include="src\Lighthouse\Renderer\Renderer.h">
      <Filter>src\Lighthouse\Renderer</Filter>
    </ClInclude>
    <ClInclude Include="src\Lighthouse\Renderer\Scene.h">
      <Filter>src\Lighthouse\Renderer</Filter>
    </ClInclude>
    <ClInclude Include="src\Lighthouse\Renderer\Shader.h">
      <Filter>src\Lighthouse\Renderer</Filter>
    </ClInclude>
    <ClInclude Include="src\Lighthouse\Renderer\Texture.h">
      <Filter>src\Lighthouse\Renderer</Filter>
    </ClInclude>
    <ClInclude Include="src\Lighthouse\Window.h">
      <Filter>src\Lighthouse</Filter>
    </ClInclude>
    <ClInclude Include="src\lhpch.h">
      <Filter>src</Filter>
    </ClInclude>
    <ClInclude Include="vendor\stb_image\stb_image.h">
      <Filter>vendor\stb_image</Filter>
    </ClInclude>
  </ItemGroup>
  <ItemGroup>
    <ClCompile Include="src\Lighthouse\Application.cpp">
      <Filter>src\Lighthouse</Filter>
    </ClCompile>
    <ClCompile Include="src\Lighthouse\LayerStack.cpp">
      <Filter>src\Lighthouse</Filter>
    </ClCompile>
    <ClCompile Include="src\Lighthouse\Log.cpp">
      <Filter>src\Lighthouse</Filter>
    </ClCompile>
    <ClCompile Include="src\Lighthouse\Renderer\Entity.cpp">
      <Filter>src\Lighthouse\Renderer</Filter>
    </ClCompile>
    <ClCompile Include="src\Lighthouse\Renderer\RenderCommand.cpp">
      <Filter>src\Lighthouse\Renderer</Filter>
    </ClCompile>
    <ClCompile Include="src\Lighthouse\Renderer\Renderer.cpp">
      <Filter>src\Lighthouse\Renderer</Filter>
    </ClCompile>
    <ClCompile Include="src\Lighthouse\Renderer\Scene.cpp">
      <Filter>src\Lighthouse\Renderer</Filter>
    </ClCompile>
    <ClCompile Include="src\Lighthouse\Renderer\Shader.cpp">
      <Filter>src\Lighthouse\Renderer</Filter>
    </ClCompile>
    <ClCompile Include="src\Lighthouse\Renderer\Texture.cpp">
      <Filter>src\Lighthouse\Renderer</Filter>
    </ClCompile>
    <ClCompile Include="src\Lighthouse\Window.cpp">
      <Filter>src\Lighthouse</Filter>
    </ClCompile>
    <ClCompile Include="src\lhpch.cpp">
      <Filter>src</Filter>
    </ClCompile>
    <ClCompile Include="vendor\stb_image\stb_image.cpp">
      <Filter>vendor\stb_image</Filter>
    </ClCompile>
  </ItemGroup>
  <ItemGroup>
    <None Include="src\Lighthouse\Shaders\flatColor.shader">
      <Filter>src\Lighthouse\Shaders</Filter>
    </None>
    <None Include="src\Lighthouse\Shaders\texture.shader">
      <Filter>src\Lighthouse\Shaders</Filter>
    </None>
  </ItemGroup>
</Project>